
Microsoft Visual Studio Solution File, Format Version 10.00
# Visual Studio 2008
Project("{FAE04EC0-301F-11D3-BF4B-00C04F79EFBC}") = "ESPLoader", "ESPLoader\ESPLoader.csproj", "{F444591D-84AF-482B-9953-7DED49355E47}"
EndProject
Global
	GlobalSection(SolutionConfigurationPlatforms) = preSolution
		Debug|Any CPU = Debug|Any CPU
		Release|Any CPU = Release|Any CPU
	EndGlobalSection
	GlobalSection(ProjectConfigurationPlatforms) = postSolution
		{F444591D-84AF-482B-9953-7DED49355E47}.Debug|Any CPU.ActiveCfg = Debug|Any CPU
		{F444591D-84AF-482B-9953-7DED49355E47}.Debug|Any CPU.Build.0 = Debug|Any CPU
		{F444591D-84AF-482B-9953-7DED49355E47}.Release|Any CPU.ActiveCfg = Release|Any CPU
		{F444591D-84AF-482B-9953-7DED49355E47}.Release|Any CPU.Build.0 = Release|Any CPU
	EndGlobalSection
	GlobalSection(SolutionProperties) = preSolution
		HideSolutionNode = FALSE
	EndGlobalSection
EndGlobal
